# THIS IS AN AUTOGENERATED FILE. DO NOT EDIT THIS FILE DIRECTLY.
# yarn lockfile v1


"@types/node@^20.6.0":
  version "20.6.0"
  resolved "https://registry.yarnpkg.com/@types/node/-/node-20.6.0.tgz#9d7daa855d33d4efec8aea88cd66db1c2f0ebe16"
  integrity sha512-najjVq5KN2vsH2U/xyh2opaSEz6cZMR2SetLIlxlj08nOcmPOemJmUK2o4kUzfLqfrWE0PIrNeE16XhYDd3nqg==

async@>=0.2.9:
  version "3.2.4"
  resolved "https://registry.yarnpkg.com/async/-/async-3.2.4.tgz#2d22e00f8cddeb5fde5dd33522b56d1cf569a81c"
  integrity sha512-iAB+JbDEGXhyIUavoDl9WP/Jj106Kz9DEn1DPgYw5ruDn0e3Wgi3sKFm55sASdGBNOQB8F59d9qQ7deqrHA8wQ==

fluent-ffmpeg@^2.1.2:
  version "2.1.2"
  resolved "https://registry.yarnpkg.com/fluent-ffmpeg/-/fluent-ffmpeg-2.1.2.tgz#c952de2240f812ebda0aa8006d7776ee2acf7d74"
  integrity sha512-IZTB4kq5GK0DPp7sGQ0q/BWurGHffRtQQwVkiqDgeO6wYJLLV5ZhgNOQ65loZxxuPMKZKZcICCUnaGtlxBiR0Q==
  dependencies:
    async ">=0.2.9"
    which "^1.1.1"

hls-server@^1.5.0:
  version "1.5.0"
  resolved "https://registry.yarnpkg.com/hls-server/-/hls-server-1.5.0.tgz#496a006743dc20abca1c9149987e5f455d4f66aa"
  integrity sha512-uDTPyuNvHjd5KkK/Zmm6vAWERdRp0l8rlkfSO56KcJGsEfFMwVcgkzbScTmrV+kuOq9FznWf9ze9pprtGEletA==
  dependencies:
    http-attach "^1.0.0"
    minimist "^1.2.0"

http-attach@^1.0.0:
  version "1.0.0"
  resolved "https://registry.yarnpkg.com/http-attach/-/http-attach-1.0.0.tgz#65ea80f00696301dece5d6cc882d811b3132d006"
  integrity sha512-RWbYNCz3ybfIvjbELCaLD3eh01yKmqro/hoCzBFiUCoHZfb6FdNeSalYjMInVGsM0cj7M8DmXf290sWFJLsz4w==

isexe@^2.0.0:
  version "2.0.0"
  resolved "https://registry.yarnpkg.com/isexe/-/isexe-2.0.0.tgz#e8fbf374dc556ff8947a10dcb0572d633f2cfa10"
  integrity sha512-RHxMLp9lnKHGHRng9QFhRCMbYAcVpn69smSGcq3f36xjgVVWThj4qqLbTLlq7Ssj8B+fIQ1EuCEGI2lKsyQeIw==

minimist@^1.2.0:
  version "1.2.8"
  resolved "https://registry.yarnpkg.com/minimist/-/minimist-1.2.8.tgz#c1a464e7693302e082a075cee0c057741ac4772c"
  integrity sha512-2yyAR8qBkN3YuheJanUpWC5U3bb5osDywNB8RzDVlDwDHbocAJveqqj1u8+SVD7jkWT4yvsHCpWqqWqAxb0zCA==

which@^1.1.1:
  version "1.3.1"
  resolved "https://registry.yarnpkg.com/which/-/which-1.3.1.tgz#a45043d54f5805316da8d62f9f50918d3da70b0a"
  integrity sha512-HxJdYWq1MTIQbJ3nw0cqssHoTNU267KlrDuGZ1WYlxDStUtKUhOaJmh112/TZmHxxUfuJqPXSOm7tDyas0OSIQ==
  dependencies:
    isexe "^2.0.0"
